// !$*UTF8*$!
{
	archiveVersion = 1;
	classes = {
	};
	objectVersion = 51;
	objects = {

/* Begin PBXBuildFile section */
		4A4BDCA8275EDBE10021CDE3 /* RWPickFlavor.framework in Frameworks */ = {isa = PBXBuildFile; fileRef = 4A4BDC9E275EDBE10021CDE3 /* RWPickFlavor.framework */; };
		4A4BDCAD275EDBE10021CDE3 /* RWPickFlavorTests.swift in Sources */ = {isa = PBXBuildFile; fileRef = 4A4BDCAC275EDBE10021CDE3 /* RWPickFlavorTests.swift */; };
		4A4BDCAF275EDBE10021CDE3 /* RWPickFlavor.h in Headers */ = {isa = PBXBuildFile; fileRef = 4A4BDCA1275EDBE10021CDE3 /* RWPickFlavor.h */; settings = {ATTRIBUTES = (Public, ); }; };
		4A4BDCD5275EE20C0021CDE3 /* Flavor.swift in Sources */ = {isa = PBXBuildFile; fileRef = 4A4BDCD4275EE20C0021CDE3 /* Flavor.swift */; };
		4A4BDCDA275EE2220021CDE3 /* IceCreamView.swift in Sources */ = {isa = PBXBuildFile; fileRef = 4A4BDCD6275EE2220021CDE3 /* IceCreamView.swift */; };
		4A4BDCDB275EE2220021CDE3 /* ScoopCell.swift in Sources */ = {isa = PBXBuildFile; fileRef = 4A4BDCD7275EE2220021CDE3 /* ScoopCell.swift */; };
		4A4BDCDC275EE2220021CDE3 /* Base.lproj in Resources */ = {isa = PBXBuildFile; fileRef = 4A4BDCD8275EE2220021CDE3 /* Base.lproj */; };
		4A4BDCDD275EE2220021CDE3 /* ScoopView.swift in Sources */ = {isa = PBXBuildFile; fileRef = 4A4BDCD9275EE2220021CDE3 /* ScoopView.swift */; };
		4A4BDCDF275EE2320021CDE3 /* Images.xcassets in Resources */ = {isa = PBXBuildFile; fileRef = 4A4BDCDE275EE2320021CDE3 /* Images.xcassets */; };
		4A4BDCE2275EE23F0021CDE3 /* PickFlavorViewController.swift in Sources */ = {isa = PBXBuildFile; fileRef = 4A4BDCE0275EE23F0021CDE3 /* PickFlavorViewController.swift */; };
		4A4BDCE3275EE23F0021CDE3 /* PickFlavorDataSource.swift in Sources */ = {isa = PBXBuildFile; fileRef = 4A4BDCE1275EE23F0021CDE3 /* PickFlavorDataSource.swift */; };
		4A4BDCE5275EE24B0021CDE3 /* RGBAColorFromString.swift in Sources */ = {isa = PBXBuildFile; fileRef = 4A4BDCE4275EE24B0021CDE3 /* RGBAColorFromString.swift */; };
		CF4E13EA09FE1EC4C4DBF189 /* Pods_RWPickFlavor.framework in Frameworks */ = {isa = PBXBuildFile; fileRef = AC6D9DA98BFB987B93BF67B2 /* Pods_RWPickFlavor.framework */; };
		F09074CEADED9D0ADAF20B89 /* Pods_RWPickFlavor_RWPickFlavorTests.framework in Frameworks */ = {isa = PBXBuildFile; fileRef = B4ADF8D514409637CD4B3C7F /* Pods_RWPickFlavor_RWPickFlavorTests.framework */; };
/* End PBXBuildFile section */

/* Begin PBXContainerItemProxy section */
		4A4BDCA9275EDBE10021CDE3 /* PBXContainerItemProxy */ = {
			isa = PBXContainerItemProxy;
			containerPortal = 4A4BDC95275EDBE10021CDE3 /* Project object */;
			proxyType = 1;
			remoteGlobalIDString = 4A4BDC9D275EDBE10021CDE3;
			remoteInfo = RWPickFlavor;
		};
/* End PBXContainerItemProxy section */

/* Begin PBXFileReference section */
		4A4BDC9E275EDBE10021CDE3 /* RWPickFlavor.framework */ = {isa = PBXFileReference; explicitFileType = wrapper.framework; includeInIndex = 0; path = RWPickFlavor.framework; sourceTree = BUILT_PRODUCTS_DIR; };
		4A4BDCA1275EDBE10021CDE3 /* RWPickFlavor.h */ = {isa = PBXFileReference; lastKnownFileType = sourcecode.c.h; path = RWPickFlavor.h; sourceTree = "<group>"; };
		4A4BDCA2275EDBE10021CDE3 /* Info.plist */ = {isa = PBXFileReference; lastKnownFileType = text.plist.xml; path = Info.plist; sourceTree = "<group>"; };
		4A4BDCA7275EDBE10021CDE3 /* RWPickFlavorTests.xctest */ = {isa = PBXFileReference; explicitFileType = wrapper.cfbundle; includeInIndex = 0; path = RWPickFlavorTests.xctest; sourceTree = BUILT_PRODUCTS_DIR; };
		4A4BDCAC275EDBE10021CDE3 /* RWPickFlavorTests.swift */ = {isa = PBXFileReference; lastKnownFileType = sourcecode.swift; path = RWPickFlavorTests.swift; sourceTree = "<group>"; };
		4A4BDCAE275EDBE10021CDE3 /* Info.plist */ = {isa = PBXFileReference; lastKnownFileType = text.plist.xml; path = Info.plist; sourceTree = "<group>"; };
		4A4BDCD4275EE20C0021CDE3 /* Flavor.swift */ = {isa = PBXFileReference; fileEncoding = 4; lastKnownFileType = sourcecode.swift; path = Flavor.swift; sourceTree = "<group>"; };
		4A4BDCD6275EE2220021CDE3 /* IceCreamView.swift */ = {isa = PBXFileReference; fileEncoding = 4; lastKnownFileType = sourcecode.swift; path = IceCreamView.swift; sourceTree = "<group>"; };
		4A4BDCD7275EE2220021CDE3 /* ScoopCell.swift */ = {isa = PBXFileReference; fileEncoding = 4; lastKnownFileType = sourcecode.swift; path = ScoopCell.swift; sourceTree = "<group>"; };
		4A4BDCD8275EE2220021CDE3 /* Base.lproj */ = {isa = PBXFileReference; lastKnownFileType = folder; path = Base.lproj; sourceTree = "<group>"; };
		4A4BDCD9275EE2220021CDE3 /* ScoopView.swift */ = {isa = PBXFileReference; fileEncoding = 4; lastKnownFileType = sourcecode.swift; path = ScoopView.swift; sourceTree = "<group>"; };
		4A4BDCDE275EE2320021CDE3 /* Images.xcassets */ = {isa = PBXFileReference; lastKnownFileType = folder.assetcatalog; path = Images.xcassets; sourceTree = "<group>"; };
		4A4BDCE0275EE23F0021CDE3 /* PickFlavorViewController.swift */ = {isa = PBXFileReference; fileEncoding = 4; lastKnownFileType = sourcecode.swift; path = PickFlavorViewController.swift; sourceTree = "<group>"; };
		4A4BDCE1275EE23F0021CDE3 /* PickFlavorDataSource.swift */ = {isa = PBXFileReference; fileEncoding = 4; lastKnownFileType = sourcecode.swift; path = PickFlavorDataSource.swift; sourceTree = "<group>"; };
		4A4BDCE4275EE24B0021CDE3 /* RGBAColorFromString.swift */ = {isa = PBXFileReference; fileEncoding = 4; lastKnownFileType = sourcecode.swift; path = RGBAColorFromString.swift; sourceTree = "<group>"; };
		537C34C6AD67AD5E33B1BF84 /* Pods-RWPickFlavor.release.xcconfig */ = {isa = PBXFileReference; includeInIndex = 1; lastKnownFileType = text.xcconfig; name = "Pods-RWPickFlavor.release.xcconfig"; path = "Target Support Files/Pods-RWPickFlavor/Pods-RWPickFlavor.release.xcconfig"; sourceTree = "<group>"; };
		6ABCD77EBCD480C36EF88BAA /* Pods-RWPickFlavor-RWPickFlavorTests.release.xcconfig */ = {isa = PBXFileReference; includeInIndex = 1; lastKnownFileType = text.xcconfig; name = "Pods-RWPickFlavor-RWPickFlavorTests.release.xcconfig"; path = "Target Support Files/Pods-RWPickFlavor-RWPickFlavorTests/Pods-RWPickFlavor-RWPickFlavorTests.release.xcconfig"; sourceTree = "<group>"; };
		6B41AA3A02786A3E80122369 /* Pods-RWPickFlavor-RWPickFlavorTests.debug.xcconfig */ = {isa = PBXFileReference; includeInIndex = 1; lastKnownFileType = text.xcconfig; name = "Pods-RWPickFlavor-RWPickFlavorTests.debug.xcconfig"; path = "Target Support Files/Pods-RWPickFlavor-RWPickFlavorTests/Pods-RWPickFlavor-RWPickFlavorTests.debug.xcconfig"; sourceTree = "<group>"; };
		AC6D9DA98BFB987B93BF67B2 /* Pods_RWPickFlavor.framework */ = {isa = PBXFileReference; explicitFileType = wrapper.framework; includeInIndex = 0; path = Pods_RWPickFlavor.framework; sourceTree = BUILT_PRODUCTS_DIR; };
		B4ADF8D514409637CD4B3C7F /* Pods_RWPickFlavor_RWPickFlavorTests.framework */ = {isa = PBXFileReference; explicitFileType = wrapper.framework; includeInIndex = 0; path = Pods_RWPickFlavor_RWPickFlavorTests.framework; sourceTree = BUILT_PRODUCTS_DIR; };
		E411BB50D9F9E2E51F2BAA30 /* Pods-RWPickFlavor.debug.xcconfig */ = {isa = PBXFileReference; includeInIndex = 1; lastKnownFileType = text.xcconfig; name = "Pods-RWPickFlavor.debug.xcconfig"; path = "Target Support Files/Pods-RWPickFlavor/Pods-RWPickFlavor.debug.xcconfig"; sourceTree = "<group>"; };
/* End PBXFileReference section */

/* Begin PBXFrameworksBuildPhase section */
		4A4BDC9B275EDBE10021CDE3 /* Frameworks */ = {
			isa = PBXFrameworksBuildPhase;
			buildActionMask = 2147483647;
			files = (
				CF4E13EA09FE1EC4C4DBF189 /* Pods_RWPickFlavor.framework in Frameworks */,
			);
			runOnlyForDeploymentPostprocessing = 0;
		};
		4A4BDCA4275EDBE10021CDE3 /* Frameworks */ = {
			isa = PBXFrameworksBuildPhase;
			buildActionMask = 2147483647;
			files = (
				4A4BDCA8275EDBE10021CDE3 /* RWPickFlavor.framework in Frameworks */,
				F09074CEADED9D0ADAF20B89 /* Pods_RWPickFlavor_RWPickFlavorTests.framework in Frameworks */,
			);
			runOnlyForDeploymentPostprocessing = 0;
		};
/* End PBXFrameworksBuildPhase section */

/* Begin PBXGroup section */
		4A4BDC94275EDBE10021CDE3 = {
			isa = PBXGroup;
			children = (
				4A4BDCA0275EDBE10021CDE3 /* RWPickFlavor */,
				4A4BDCAB275EDBE10021CDE3 /* RWPickFlavorTests */,
				4A4BDC9F275EDBE10021CDE3 /* Products */,
				5B1F9115105211B4D73526FE /* Pods */,
				BB84B983C4AB3D25FBDD35CE /* Frameworks */,
			);
			sourceTree = "<group>";
		};
		4A4BDC9F275EDBE10021CDE3 /* Products */ = {
			isa = PBXGroup;
			children = (
				4A4BDC9E275EDBE10021CDE3 /* RWPickFlavor.framework */,
				4A4BDCA7275EDBE10021CDE3 /* RWPickFlavorTests.xctest */,
			);
			name = Products;
			sourceTree = "<group>";
		};
		4A4BDCA0275EDBE10021CDE3 /* RWPickFlavor */ = {
			isa = PBXGroup;
			children = (
				4A4BDCD3275EE1CA0021CDE3 /* Models */,
				4A4BDCD2275EE17B0021CDE3 /* Views */,
				4A4BDCD1275EE1710021CDE3 /* Resources */,
				4A4BDCCF275EE15B0021CDE3 /* Controllers */,
				4A4BDCCE275EE1500021CDE3 /* Categories */,
				4A4BDCA1275EDBE10021CDE3 /* RWPickFlavor.h */,
				4A4BDCA2275EDBE10021CDE3 /* Info.plist */,
			);
			path = RWPickFlavor;
			sourceTree = "<group>";
		};
		4A4BDCAB275EDBE10021CDE3 /* RWPickFlavorTests */ = {
			isa = PBXGroup;
			children = (
				4A4BDCAC275EDBE10021CDE3 /* RWPickFlavorTests.swift */,
				4A4BDCAE275EDBE10021CDE3 /* Info.plist */,
			);
			path = RWPickFlavorTests;
			sourceTree = "<group>";
		};
		4A4BDCCE275EE1500021CDE3 /* Categories */ = {
			isa = PBXGroup;
			children = (
				4A4BDCE4275EE24B0021CDE3 /* RGBAColorFromString.swift */,
			);
			path = Categories;
			sourceTree = "<group>";
		};
		4A4BDCCF275EE15B0021CDE3 /* Controllers */ = {
			isa = PBXGroup;
			children = (
				4A4BDCE1275EE23F0021CDE3 /* PickFlavorDataSource.swift */,
				4A4BDCE0275EE23F0021CDE3 /* PickFlavorViewController.swift */,
			);
			path = Controllers;
			sourceTree = "<group>";
		};
		4A4BDCD1275EE1710021CDE3 /* Resources */ = {
			isa = PBXGroup;
			children = (
				4A4BDCDE275EE2320021CDE3 /* Images.xcassets */,
			);
			path = Resources;
			sourceTree = "<group>";
		};
		4A4BDCD2275EE17B0021CDE3 /* Views */ = {
			isa = PBXGroup;
			children = (
				4A4BDCD8275EE2220021CDE3 /* Base.lproj */,
				4A4BDCD6275EE2220021CDE3 /* IceCreamView.swift */,
				4A4BDCD7275EE2220021CDE3 /* ScoopCell.swift */,
				4A4BDCD9275EE2220021CDE3 /* ScoopView.swift */,
			);
			path = Views;
			sourceTree = "<group>";
		};
		4A4BDCD3275EE1CA0021CDE3 /* Models */ = {
			isa = PBXGroup;
			children = (
				4A4BDCD4275EE20C0021CDE3 /* Flavor.swift */,
			);
			path = Models;
			sourceTree = "<group>";
		};
		5B1F9115105211B4D73526FE /* Pods */ = {
			isa = PBXGroup;
			children = (
				E411BB50D9F9E2E51F2BAA30 /* Pods-RWPickFlavor.debug.xcconfig */,
				537C34C6AD67AD5E33B1BF84 /* Pods-RWPickFlavor.release.xcconfig */,
				6B41AA3A02786A3E80122369 /* Pods-RWPickFlavor-RWPickFlavorTests.debug.xcconfig */,
				6ABCD77EBCD480C36EF88BAA /* Pods-RWPickFlavor-RWPickFlavorTests.release.xcconfig */,
			);
			path = Pods;
			sourceTree = "<group>";
		};
		BB84B983C4AB3D25FBDD35CE /* Frameworks */ = {
			isa = PBXGroup;
			children = (
				AC6D9DA98BFB987B93BF67B2 /* Pods_RWPickFlavor.framework */,
				B4ADF8D514409637CD4B3C7F /* Pods_RWPickFlavor_RWPickFlavorTests.framework */,
			);
			name = Frameworks;
			sourceTree = "<group>";
		};
/* End PBXGroup section */

/* Begin PBXHeadersBuildPhase section */
		4A4BDC99275EDBE10021CDE3 /* Headers */ = {
			isa = PBXHeadersBuildPhase;
			buildActionMask = 2147483647;
			files = (
				4A4BDCAF275EDBE10021CDE3 /* RWPickFlavor.h in Headers */,
			);
			runOnlyForDeploymentPostprocessing = 0;
		};
/* End PBXHeadersBuildPhase section */

/* Begin PBXNativeTarget section */
		4A4BDC9D275EDBE10021CDE3 /* RWPickFlavor */ = {
			isa = PBXNativeTarget;
			buildConfigurationList = 4A4BDCB2275EDBE10021CDE3 /* Build configuration list for PBXNativeTarget "RWPickFlavor" */;
			buildPhases = (
				CC2A927D2AEC218598B2A5D8 /* [CP] Check Pods Manifest.lock */,
				4A4BDC99275EDBE10021CDE3 /* Headers */,
				4A4BDC9A275EDBE10021CDE3 /* Sources */,
				4A4BDC9B275EDBE10021CDE3 /* Frameworks */,
				4A4BDC9C275EDBE10021CDE3 /* Resources */,
			);
			buildRules = (
			);
			dependencies = (
			);
			name = RWPickFlavor;
			productName = RWPickFlavor;
			productReference = 4A4BDC9E275EDBE10021CDE3 /* RWPickFlavor.framework */;
			productType = "com.apple.product-type.framework";
		};
		4A4BDCA6275EDBE10021CDE3 /* RWPickFlavorTests */ = {
			isa = PBXNativeTarget;
			buildConfigurationList = 4A4BDCB5275EDBE10021CDE3 /* Build configuration list for PBXNativeTarget "RWPickFlavorTests" */;
			buildPhases = (
				896D979B076221C4364A982A /* [CP] Check Pods Manifest.lock */,
				4A4BDCA3275EDBE10021CDE3 /* Sources */,
				4A4BDCA4275EDBE10021CDE3 /* Frameworks */,
				4A4BDCA5275EDBE10021CDE3 /* Resources */,
				961085274F0235F4CC211EC5 /* [CP] Embed Pods Frameworks */,
			);
			buildRules = (
			);
			dependencies = (
				4A4BDCAA275EDBE10021CDE3 /* PBXTargetDependency */,
			);
			name = RWPickFlavorTests;
			productName = RWPickFlavorTests;
			productReference = 4A4BDCA7275EDBE10021CDE3 /* RWPickFlavorTests.xctest */;
			productType = "com.apple.product-type.bundle.unit-test";
		};
/* End PBXNativeTarget section */

/* Begin PBXProject section */
		4A4BDC95275EDBE10021CDE3 /* Project object */ = {
			isa = PBXProject;
			attributes = {
				LastSwiftUpdateCheck = 1250;
				LastUpgradeCheck = 1250;
				TargetAttributes = {
					4A4BDC9D275EDBE10021CDE3 = {
						CreatedOnToolsVersion = 12.5.1;
						LastSwiftMigration = 1250;
					};
					4A4BDCA6275EDBE10021CDE3 = {
						CreatedOnToolsVersion = 12.5.1;
					};
				};
			};
			buildConfigurationList = 4A4BDC98275EDBE10021CDE3 /* Build configuration list for PBXProject "RWPickFlavor" */;
			compatibilityVersion = "Xcode 9.3";
			developmentRegion = en;
			hasScannedForEncodings = 0;
			knownRegions = (
				en,
				Base,
			);
			mainGroup = 4A4BDC94275EDBE10021CDE3;
			productRefGroup = 4A4BDC9F275EDBE10021CDE3 /* Products */;
			projectDirPath = "";
			projectRoot = "";
			targets = (
				4A4BDC9D275EDBE10021CDE3 /* RWPickFlavor */,
				4A4BDCA6275EDBE10021CDE3 /* RWPickFlavorTests */,
			);
		};
/* End PBXProject section */

/* Begin PBXResourcesBuildPhase section */
		4A4BDC9C275EDBE10021CDE3 /* Resources */ = {
			isa = PBXResourcesBuildPhase;
			buildActionMask = 2147483647;
			files = (
				4A4BDCDC275EE2220021CDE3 /* Base.lproj in Resources */,
				4A4BDCDF275EE2320021CDE3 /* Images.xcassets in Resources */,
			);
			runOnlyForDeploymentPostprocessing = 0;
		};
		4A4BDCA5275EDBE10021CDE3 /* Resources */ = {
			isa = PBXResourcesBuildPhase;
			buildActionMask = 2147483647;
			files = (
			);
			runOnlyForDeploymentPostprocessing = 0;
		};
/* End PBXResourcesBuildPhase section */

/* Begin PBXShellScriptBuildPhase section */
		896D979B076221C4364A982A /* [CP] Check Pods Manifest.lock */ = {
			isa = PBXShellScriptBuildPhase;
			buildActionMask = 2147483647;
			files = (
			);
			inputFileListPaths = (
			);
			inputPaths = (
				"${PODS_PODFILE_DIR_PATH}/Podfile.lock",
				"${PODS_ROOT}/Manifest.lock",
			);
			name = "[CP] Check Pods Manifest.lock";
			outputFileListPaths = (
			);
			outputPaths = (
				"$(DERIVED_FILE_DIR)/Pods-RWPickFlavor-RWPickFlavorTests-checkManifestLockResult.txt",
			);
			runOnlyForDeploymentPostprocessing = 0;
			shellPath = /bin/sh;
			shellScript = "diff \"${PODS_PODFILE_DIR_PATH}/Podfile.lock\" \"${PODS_ROOT}/Manifest.lock\" > /dev/null\nif [ $? != 0 ] ; then\n    # print error to STDERR\n    echo \"error: The sandbox is not in sync with the Podfile.lock. Run 'pod install' or update your CocoaPods installation.\" >&2\n    exit 1\nfi\n# This output is used by Xcode 'outputs' to avoid re-running this script phase.\necho \"SUCCESS\" > \"${SCRIPT_OUTPUT_FILE_0}\"\n";
			showEnvVarsInLog = 0;
		};
		961085274F0235F4CC211EC5 /* [CP] Embed Pods Frameworks */ = {
			isa = PBXShellScriptBuildPhase;
			buildActionMask = 2147483647;
			files = (
			);
			inputFileListPaths = (
				"${PODS_ROOT}/Target Support Files/Pods-RWPickFlavor-RWPickFlavorTests/Pods-RWPickFlavor-RWPickFlavorTests-frameworks-${CONFIGURATION}-input-files.xcfilelist",
			);
			name = "[CP] Embed Pods Frameworks";
			outputFileListPaths = (
				"${PODS_ROOT}/Target Support Files/Pods-RWPickFlavor-RWPickFlavorTests/Pods-RWPickFlavor-RWPickFlavorTests-frameworks-${CONFIGURATION}-output-files.xcfilelist",
			);
			runOnlyForDeploymentPostprocessing = 0;
			shellPath = /bin/sh;
			shellScript = "\"${PODS_ROOT}/Target Support Files/Pods-RWPickFlavor-RWPickFlavorTests/Pods-RWPickFlavor-RWPickFlavorTests-frameworks.sh\"\n";
			showEnvVarsInLog = 0;
		};
		CC2A927D2AEC218598B2A5D8 /* [CP] Check Pods Manifest.lock */ = {
			isa = PBXShellScriptBuildPhase;
			buildActionMask = 2147483647;
			files = (
			);
			inputFileListPaths = (
			);
			inputPaths = (
				"${PODS_PODFILE_DIR_PATH}/Podfile.lock",
				"${PODS_ROOT}/Manifest.lock",
			);
			name = "[CP] Check Pods Manifest.lock";
			outputFileListPaths = (
			);
			outputPaths = (
				"$(DERIVED_FILE_DIR)/Pods-RWPickFlavor-checkManifestLockResult.txt",
			);
			runOnlyForDeploymentPostprocessing = 0;
			shellPath = /bin/sh;
			shellScript = "diff \"${PODS_PODFILE_DIR_PATH}/Podfile.lock\" \"${PODS_ROOT}/Manifest.lock\" > /dev/null\nif [ $? != 0 ] ; then\n    # print error to STDERR\n    echo \"error: The sandbox is not in sync with the Podfile.lock. Run 'pod install' or update your CocoaPods installation.\" >&2\n    exit 1\nfi\n# This output is used by Xcode 'outputs' to avoid re-running this script phase.\necho \"SUCCESS\" > \"${SCRIPT_OUTPUT_FILE_0}\"\n";
			showEnvVarsInLog = 0;
		};
/* End PBXShellScriptBuildPhase section */

/* Begin PBXSourcesBuildPhase section */
		4A4BDC9A275EDBE10021CDE3 /* Sources */ = {
			isa = PBXSourcesBuildPhase;
			buildActionMask = 2147483647;
			files = (
				4A4BDCE5275EE24B0021CDE3 /* RGBAColorFromString.swift in Sources */,
				4A4BDCDB275EE2220021CDE3 /* ScoopCell.swift in Sources */,
				4A4BDCE3275EE23F0021CDE3 /* PickFlavorDataSource.swift in Sources */,
				4A4BDCDD275EE2220021CDE3 /* ScoopView.swift in Sources */,
				4A4BDCD5275EE20C0021CDE3 /* Flavor.swift in Sources */,
				4A4BDCDA275EE2220021CDE3 /* IceCreamView.swift in Sources */,
				4A4BDCE2275EE23F0021CDE3 /* PickFlavorViewController.swift in Sources */,
			);
			runOnlyForDeploymentPostprocessing = 0;
		};
		4A4BDCA3275EDBE10021CDE3 /* Sources */ = {
			isa = PBXSourcesBuildPhase;
			buildActionMask = 2147483647;
			files = (
				4A4BDCAD275EDBE10021CDE3 /* RWPickFlavorTests.swift in Sources */,
			);
			runOnlyForDeploymentPostprocessing = 0;
		};
/* End PBXSourcesBuildPhase section */

/* Begin PBXTargetDependency section */
		4A4BDCAA275EDBE10021CDE3 /* PBXTargetDependency */ = {
			isa = PBXTargetDependency;
			target = 4A4BDC9D275EDBE10021CDE3 /* RWPickFlavor */;
			targetProxy = 4A4BDCA9275EDBE10021CDE3 /* PBXContainerItemProxy */;
		};
/* End PBXTargetDependency section */

/* Begin XCBuildConfiguration section */
		4A4BDCB0275EDBE10021CDE3 /* Debug */ = {
			isa = XCBuildConfiguration;
			buildSettings = {
				ALWAYS_SEARCH_USER_PATHS = NO;
				CLANG_ANALYZER_NONNULL = YES;
				CLANG_ANALYZER_NUMBER_OBJECT_CONVERSION = YES_AGGRESSIVE;
				CLANG_CXX_LANGUAGE_STANDARD = "gnu++14";
				CLANG_CXX_LIBRARY = "libc++";
				CLANG_ENABLE_MODULES = YES;
				CLANG_ENABLE_OBJC_ARC = YES;
				CLANG_ENABLE_OBJC_WEAK = YES;
				CLANG_WARN_BLOCK_CAPTURE_AUTORELEASING = YES;
				CLANG_WARN_BOOL_CONVERSION = YES;
				CLANG_WARN_COMMA = YES;
				CLANG_WARN_CONSTANT_CONVERSION = YES;
				CLANG_WARN_DEPRECATED_OBJC_IMPLEMENTATIONS = YES;
				CLANG_WARN_DIRECT_OBJC_ISA_USAGE = YES_ERROR;
				CLANG_WARN_DOCUMENTATION_COMMENTS = YES;
				CLANG_WARN_EMPTY_BODY = YES;
				CLANG_WARN_ENUM_CONVERSION = YES;
				CLANG_WARN_INFINITE_RECURSION = YES;
				CLANG_WARN_INT_CONVERSION = YES;
				CLANG_WARN_NON_LITERAL_NULL_CONVERSION = YES;
				CLANG_WARN_OBJC_IMPLICIT_RETAIN_SELF = YES;
				CLANG_WARN_OBJC_LITERAL_CONVERSION = YES;
				CLANG_WARN_OBJC_ROOT_CLASS = YES_ERROR;
				CLANG_WARN_QUOTED_INCLUDE_IN_FRAMEWORK_HEADER = YES;
				CLANG_WARN_RANGE_LOOP_ANALYSIS = YES;
				CLANG_WARN_STRICT_PROTOTYPES = YES;
				CLANG_WARN_SUSPICIOUS_MOVE = YES;
				CLANG_WARN_UNGUARDED_AVAILABILITY = YES_AGGRESSIVE;
				CLANG_WARN_UNREACHABLE_CODE = YES;
				CLANG_WARN__DUPLICATE_METHOD_MATCH = YES;
				COPY_PHASE_STRIP = NO;
				CURRENT_PROJECT_VERSION = 1;
				DEBUG_INFORMATION_FORMAT = dwarf;
				ENABLE_STRICT_OBJC_MSGSEND = YES;
				ENABLE_TESTABILITY = YES;
				GCC_C_LANGUAGE_STANDARD = gnu11;
				GCC_DYNAMIC_NO_PIC = NO;
				GCC_NO_COMMON_BLOCKS = YES;
				GCC_OPTIMIZATION_LEVEL = 0;
				GCC_PREPROCESSOR_DEFINITIONS = (
					"DEBUG=1",
					"$(inherited)",
				);
				GCC_WARN_64_TO_32_BIT_CONVERSION = YES;
				GCC_WARN_ABOUT_RETURN_TYPE = YES_ERROR;
				GCC_WARN_UNDECLARED_SELECTOR = YES;
				GCC_WARN_UNINITIALIZED_AUTOS = YES_AGGRESSIVE;
				GCC_WARN_UNUSED_FUNCTION = YES;
				GCC_WARN_UNUSED_VARIABLE = YES;
				IPHONEOS_DEPLOYMENT_TARGET = 14.5;
				MTL_ENABLE_DEBUG_INFO = INCLUDE_SOURCE;
				MTL_FAST_MATH = YES;
				ONLY_ACTIVE_ARCH = YES;
				SDKROOT = iphoneos;
				SWIFT_ACTIVE_COMPILATION_CONDITIONS = DEBUG;
				SWIFT_OPTIMIZATION_LEVEL = "-Onone";
				VERSIONING_SYSTEM = "apple-generic";
				VERSION_INFO_PREFIX = "";
			};
			name = Debug;
		};
		4A4BDCB1275EDBE10021CDE3 /* Release */ = {
			isa = XCBuildConfiguration;
			buildSettings = {
				ALWAYS_SEARCH_USER_PATHS = NO;
				CLANG_ANALYZER_NONNULL = YES;
				CLANG_ANALYZER_NUMBER_OBJECT_CONVERSION = YES_AGGRESSIVE;
				CLANG_CXX_LANGUAGE_STANDARD = "gnu++14";
				CLANG_CXX_LIBRARY = "libc++";
				CLANG_ENABLE_MODULES = YES;
				CLANG_ENABLE_OBJC_ARC = YES;
				CLANG_ENABLE_OBJC_WEAK = YES;
				CLANG_WARN_BLOCK_CAPTURE_AUTORELEASING = YES;
				CLANG_WARN_BOOL_CONVERSION = YES;
				CLANG_WARN_COMMA = YES;
				CLANG_WARN_CONSTANT_CONVERSION = YES;
				CLANG_WARN_DEPRECATED_OBJC_IMPLEMENTATIONS = YES;
				CLANG_WARN_DIRECT_OBJC_ISA_USAGE = YES_ERROR;
				CLANG_WARN_DOCUMENTATION_COMMENTS = YES;
				CLANG_WARN_EMPTY_BODY = YES;
				CLANG_WARN_ENUM_CONVERSION = YES;
				CLANG_WARN_INFINITE_RECURSION = YES;
				CLANG_WARN_INT_CONVERSION = YES;
				CLANG_WARN_NON_LITERAL_NULL_CONVERSION = YES;
				CLANG_WARN_OBJC_IMPLICIT_RETAIN_SELF = YES;
				CLANG_WARN_OBJC_LITERAL_CONVERSION = YES;
				CLANG_WARN_OBJC_ROOT_CLASS = YES_ERROR;
				CLANG_WARN_QUOTED_INCLUDE_IN_FRAMEWORK_HEADER = YES;
				CLANG_WARN_RANGE_LOOP_ANALYSIS = YES;
				CLANG_WARN_STRICT_PROTOTYPES = YES;
				CLANG_WARN_SUSPICIOUS_MOVE = YES;
				CLANG_WARN_UNGUARDED_AVAILABILITY = YES_AGGRESSIVE;
				CLANG_WARN_UNREACHABLE_CODE = YES;
				CLANG_WARN__DUPLICATE_METHOD_MATCH = YES;
				COPY_PHASE_STRIP = NO;
				CURRENT_PROJECT_VERSION = 1;
				DEBUG_INFORMATION_FORMAT = "dwarf-with-dsym";
				ENABLE_NS_ASSERTIONS = NO;
				ENABLE_STRICT_OBJC_MSGSEND = YES;
				GCC_C_LANGUAGE_STANDARD = gnu11;
				GCC_NO_COMMON_BLOCKS = YES;
				GCC_WARN_64_TO_32_BIT_CONVERSION = YES;
				GCC_WARN_ABOUT_RETURN_TYPE = YES_ERROR;
				GCC_WARN_UNDECLARED_SELECTOR = YES;
				GCC_WARN_UNINITIALIZED_AUTOS = YES_AGGRESSIVE;
				GCC_WARN_UNUSED_FUNCTION = YES;
				GCC_WARN_UNUSED_VARIABLE = YES;
				IPHONEOS_DEPLOYMENT_TARGET = 14.5;
				MTL_ENABLE_DEBUG_INFO = NO;
				MTL_FAST_MATH = YES;
				SDKROOT = iphoneos;
				SWIFT_COMPILATION_MODE = wholemodule;
				SWIFT_OPTIMIZATION_LEVEL = "-O";
				VALIDATE_PRODUCT = YES;
				VERSIONING_SYSTEM = "apple-generic";
				VERSION_INFO_PREFIX = "";
			};
			name = Release;
		};
		4A4BDCB3275EDBE10021CDE3 /* Debug */ = {
			isa = XCBuildConfiguration;
			baseConfigurationReference = E411BB50D9F9E2E51F2BAA30 /* Pods-RWPickFlavor.debug.xcconfig */;
			buildSettings = {
				CLANG_ENABLE_MODULES = YES;
				CODE_SIGN_STYLE = Automatic;
				DEFINES_MODULE = YES;
				DEVELOPMENT_TEAM = H5W2RAA454;
				DYLIB_COMPATIBILITY_VERSION = 1;
				DYLIB_CURRENT_VERSION = 1;
				DYLIB_INSTALL_NAME_BASE = "@rpath";
				INFOPLIST_FILE = RWPickFlavor/Info.plist;
				INSTALL_PATH = "$(LOCAL_LIBRARY_DIR)/Frameworks";
				LD_RUNPATH_SEARCH_PATHS = (
					"$(inherited)",
					"@executable_path/Frameworks",
					"@loader_path/Frameworks",
				);
				MARKETING_VERSION = 1.0.0;
				PRODUCT_BUNDLE_IDENTIFIER = com.mytestproject.app.RWPickFlavor;
				PRODUCT_NAME = "$(TARGET_NAME:c99extidentifier)";
				SKIP_INSTALL = YES;
				SWIFT_OPTIMIZATION_LEVEL = "-Onone";
				SWIFT_VERSION = 5.0;
				TARGETED_DEVICE_FAMILY = "1,2";
			};
			name = Debug;
		};
		4A4BDCB4275EDBE10021CDE3 /* Release */ = {
			isa = XCBuildConfiguration;
			baseConfigurationReference = 537C34C6AD67AD5E33B1BF84 /* Pods-RWPickFlavor.release.xcconfig */;
			buildSettings = {
				CLANG_ENABLE_MODULES = YES;
				CODE_SIGN_STYLE = Automatic;
				DEFINES_MODULE = YES;
				DEVELOPMENT_TEAM = H5W2RAA454;
				DYLIB_COMPATIBILITY_VERSION = 1;
				DYLIB_CURRENT_VERSION = 1;
				DYLIB_INSTALL_NAME_BASE = "@rpath";
				INFOPLIST_FILE = RWPickFlavor/Info.plist;
				INSTALL_PATH = "$(LOCAL_LIBRARY_DIR)/Frameworks";
				LD_RUNPATH_SEARCH_PATHS = (
					"$(inherited)",
					"@executable_path/Frameworks",
					"@loader_path/Frameworks",
				);
				MARKETING_VERSION = 1.0.0;
				PRODUCT_BUNDLE_IDENTIFIER = com.mytestproject.app.RWPickFlavor;
				PRODUCT_NAME = "$(TARGET_NAME:c99extidentifier)";
				SKIP_INSTALL = YES;
				SWIFT_VERSION = 5.0;
				TARGETED_DEVICE_FAMILY = "1,2";
			};
			name = Release;
		};
		4A4BDCB6275EDBE10021CDE3 /* Debug */ = {
			isa = XCBuildConfiguration;
			baseConfigurationReference = 6B41AA3A02786A3E80122369 /* Pods-RWPickFlavor-RWPickFlavorTests.debug.xcconfig */;
			buildSettings = {
				ALWAYS_EMBED_SWIFT_STANDARD_LIBRARIES = YES;
				CODE_SIGN_STYLE = Automatic;
				DEVELOPMENT_TEAM = H5W2RAA454;
				INFOPLIST_FILE = RWPickFlavorTests/Info.plist;
				LD_RUNPATH_SEARCH_PATHS = (
					"$(inherited)",
					"@executable_path/Frameworks",
					"@loader_path/Frameworks",
				);
				PRODUCT_BUNDLE_IDENTIFIER = com.mytestproject.app.RWPickFlavorTests;
				PRODUCT_NAME = "$(TARGET_NAME)";
				SWIFT_VERSION = 5.0;
				TARGETED_DEVICE_FAMILY = "1,2";
			};
			name = Debug;
		};
		4A4BDCB7275EDBE10021CDE3 /* Release */ = {
			isa = XCBuildConfiguration;
			baseConfigurationReference = 6ABCD77EBCD480C36EF88BAA /* Pods-RWPickFlavor-RWPickFlavorTests.release.xcconfig */;
			buildSettings = {
				ALWAYS_EMBED_SWIFT_STANDARD_LIBRARIES = YES;
				CODE_SIGN_STYLE = Automatic;
				DEVELOPMENT_TEAM = H5W2RAA454;
				INFOPLIST_FILE = RWPickFlavorTests/Info.plist;
				LD_RUNPATH_SEARCH_PATHS = (
					"$(inherited)",
					"@executable_path/Frameworks",
					"@loader_path/Frameworks",
				);
				PRODUCT_BUNDLE_IDENTIFIER = com.mytestproject.app.RWPickFlavorTests;
				PRODUCT_NAME = "$(TARGET_NAME)";
				SWIFT_VERSION = 5.0;
				TARGETED_DEVICE_FAMILY = "1,2";
			};
			name = Release;
		};
/* End XCBuildConfiguration section */

/* Begin XCConfigurationList section */
		4A4BDC98275EDBE10021CDE3 /* Build configuration list for PBXProject "RWPickFlavor" */ = {
			isa = XCConfigurationList;
			buildConfigurations = (
				4A4BDCB0275EDBE10021CDE3 /* Debug */,
				4A4BDCB1275EDBE10021CDE3 /* Release */,
			);
			defaultConfigurationIsVisible = 0;
			defaultConfigurationName = Release;
		};
		4A4BDCB2275EDBE10021CDE3 /* Build configuration list for PBXNativeTarget "RWPickFlavor" */ = {
			isa = XCConfigurationList;
			buildConfigurations = (
				4A4BDCB3275EDBE10021CDE3 /* Debug */,
				4A4BDCB4275EDBE10021CDE3 /* Release */,
			);
			defaultConfigurationIsVisible = 0;
			defaultConfigurationName = Release;
		};
		4A4BDCB5275EDBE10021CDE3 /* Build configuration list for PBXNativeTarget "RWPickFlavorTests" */ = {
			isa = XCConfigurationList;
			buildConfigurations = (
				4A4BDCB6275EDBE10021CDE3 /* Debug */,
				4A4BDCB7275EDBE10021CDE3 /* Release */,
			);
			defaultConfigurationIsVisible = 0;
			defaultConfigurationName = Release;
		};
/* End XCConfigurationList section */
	};
	rootObject = 4A4BDC95275EDBE10021CDE3 /* Project object */;
}
